
Microsoft Visual Studio Solution File, Format Version 12.00
# Visual Studio Version 17
VisualStudioVersion = 17.12.35506.116 d17.12
MinimumVisualStudioVersion = 10.0.40219.1
Project("{FAE04EC0-301F-11D3-BF4B-00C04F79EFBC}") = "RetailStore.ApiGateway", "..\RetailStore.ApiGateway\RetailStore.ApiGateway.csproj", "{383C2CBA-D3B5-4CBB-8773-50E1EA21EB13}"
EndProject
Project("{FAE04EC0-301F-11D3-BF4B-00C04F79EFBC}") = "RetailStore.Infrastucture", "..\RetailStore.Infrastucture\RetailStore.Infrastucture.csproj", "{C079D56C-2BC5-4395-BD2E-8BCFEB17ACEB}"
EndProject
Project("{2150E333-8FDC-42A3-9474-1A3956D46DE8}") = "Services", "Services", "{B4691FEA-236C-4382-9E54-535FB560FD24}"
EndProject
Project("{2150E333-8FDC-42A3-9474-1A3956D46DE8}") = "Identity", "Identity", "{4E8060E6-3B7E-4D37-A13D-4BEE06764B74}"
EndProject
Project("{2150E333-8FDC-42A3-9474-1A3956D46DE8}") = "Purchase", "Purchase", "{27477B49-0ED9-4C83-A66E-F7720A70D2A6}"
EndProject
Project("{2150E333-8FDC-42A3-9474-1A3956D46DE8}") = "Products", "Products", "{C635B9A8-9FD6-4117-921B-353EA3C64454}"
EndProject
Global
	GlobalSection(SolutionConfigurationPlatforms) = preSolution
		Debug|Any CPU = Debug|Any CPU
		Release|Any CPU = Release|Any CPU
	EndGlobalSection
	GlobalSection(ProjectConfigurationPlatforms) = postSolution
		{383C2CBA-D3B5-4CBB-8773-50E1EA21EB13}.Debug|Any CPU.ActiveCfg = Debug|Any CPU
		{383C2CBA-D3B5-4CBB-8773-50E1EA21EB13}.Debug|Any CPU.Build.0 = Debug|Any CPU
		{383C2CBA-D3B5-4CBB-8773-50E1EA21EB13}.Release|Any CPU.ActiveCfg = Release|Any CPU
		{383C2CBA-D3B5-4CBB-8773-50E1EA21EB13}.Release|Any CPU.Build.0 = Release|Any CPU
		{C079D56C-2BC5-4395-BD2E-8BCFEB17ACEB}.Debug|Any CPU.ActiveCfg = Debug|Any CPU
		{C079D56C-2BC5-4395-BD2E-8BCFEB17ACEB}.Debug|Any CPU.Build.0 = Debug|Any CPU
		{C079D56C-2BC5-4395-BD2E-8BCFEB17ACEB}.Release|Any CPU.ActiveCfg = Release|Any CPU
		{C079D56C-2BC5-4395-BD2E-8BCFEB17ACEB}.Release|Any CPU.Build.0 = Release|Any CPU
	EndGlobalSection
	GlobalSection(SolutionProperties) = preSolution
		HideSolutionNode = FALSE
	EndGlobalSection
	GlobalSection(NestedProjects) = preSolution
		{4E8060E6-3B7E-4D37-A13D-4BEE06764B74} = {B4691FEA-236C-4382-9E54-535FB560FD24}
		{27477B49-0ED9-4C83-A66E-F7720A70D2A6} = {B4691FEA-236C-4382-9E54-535FB560FD24}
		{C635B9A8-9FD6-4117-921B-353EA3C64454} = {B4691FEA-236C-4382-9E54-535FB560FD24}
	EndGlobalSection
EndGlobal
