
Microsoft Visual Studio Solution File, Format Version 12.00
# Visual Studio Version 17
VisualStudioVersion = 17.12.35506.116
MinimumVisualStudioVersion = 10.0.40219.1
Project("{FAE04EC0-301F-11D3-BF4B-00C04F79EFBC}") = "RetailStore.ApiGateway", "..\RetailStore.ApiGateway\RetailStore.ApiGateway.csproj", "{383C2CBA-D3B5-4CBB-8773-50E1EA21EB13}"
EndProject
Project("{FAE04EC0-301F-11D3-BF4B-00C04F79EFBC}") = "RetailStore.Infrastucture", "..\RetailStore.Infrastucture\RetailStore.Infrastucture.csproj", "{C079D56C-2BC5-4395-BD2E-8BCFEB17ACEB}"
EndProject
Project("{2150E333-8FDC-42A3-9474-1A3956D46DE8}") = "Services", "Services", "{B4691FEA-236C-4382-9E54-535FB560FD24}"
EndProject
Project("{2150E333-8FDC-42A3-9474-1A3956D46DE8}") = "Identity", "Identity", "{4E8060E6-3B7E-4D37-A13D-4BEE06764B74}"
EndProject
Project("{2150E333-8FDC-42A3-9474-1A3956D46DE8}") = "Purchases", "Purchases", "{27477B49-0ED9-4C83-A66E-F7720A70D2A6}"
EndProject
Project("{2150E333-8FDC-42A3-9474-1A3956D46DE8}") = "Products", "Products", "{C635B9A8-9FD6-4117-921B-353EA3C64454}"
EndProject
Project("{FAE04EC0-301F-11D3-BF4B-00C04F79EFBC}") = "Identity.Api", "Identity.Api\Identity.Api.csproj", "{918CB385-B9A5-47B5-A6F1-0FA4632C8800}"
EndProject
Project("{FAE04EC0-301F-11D3-BF4B-00C04F79EFBC}") = "Products.Api", "Products.Api\Products.Api.csproj", "{79E1DF19-6C64-4003-8B31-A4616313F48C}"
EndProject
Project("{FAE04EC0-301F-11D3-BF4B-00C04F79EFBC}") = "Purchase.Api", "Purchase.Api\Purchase.Api.csproj", "{5E0F55A6-113A-4D75-A3F5-791EE7150702}"
EndProject
Project("{FAE04EC0-301F-11D3-BF4B-00C04F79EFBC}") = "Identity.Domain", "Identity.Domain\Identity.Domain.csproj", "{026827AD-F654-4F01-A13A-24757475DC6C}"
EndProject
Project("{FAE04EC0-301F-11D3-BF4B-00C04F79EFBC}") = "Identity.DA", "Identity.DA\Identity.DA.csproj", "{3D0A2340-A0DE-4BFB-8539-F68473AA1206}"
EndProject
Global
	GlobalSection(SolutionConfigurationPlatforms) = preSolution
		Debug|Any CPU = Debug|Any CPU
		Release|Any CPU = Release|Any CPU
	EndGlobalSection
	GlobalSection(ProjectConfigurationPlatforms) = postSolution
		{383C2CBA-D3B5-4CBB-8773-50E1EA21EB13}.Debug|Any CPU.ActiveCfg = Debug|Any CPU
		{383C2CBA-D3B5-4CBB-8773-50E1EA21EB13}.Debug|Any CPU.Build.0 = Debug|Any CPU
		{383C2CBA-D3B5-4CBB-8773-50E1EA21EB13}.Release|Any CPU.ActiveCfg = Release|Any CPU
		{383C2CBA-D3B5-4CBB-8773-50E1EA21EB13}.Release|Any CPU.Build.0 = Release|Any CPU
		{C079D56C-2BC5-4395-BD2E-8BCFEB17ACEB}.Debug|Any CPU.ActiveCfg = Debug|Any CPU
		{C079D56C-2BC5-4395-BD2E-8BCFEB17ACEB}.Debug|Any CPU.Build.0 = Debug|Any CPU
		{C079D56C-2BC5-4395-BD2E-8BCFEB17ACEB}.Release|Any CPU.ActiveCfg = Release|Any CPU
		{C079D56C-2BC5-4395-BD2E-8BCFEB17ACEB}.Release|Any CPU.Build.0 = Release|Any CPU
		{918CB385-B9A5-47B5-A6F1-0FA4632C8800}.Debug|Any CPU.ActiveCfg = Debug|Any CPU
		{918CB385-B9A5-47B5-A6F1-0FA4632C8800}.Debug|Any CPU.Build.0 = Debug|Any CPU
		{918CB385-B9A5-47B5-A6F1-0FA4632C8800}.Release|Any CPU.ActiveCfg = Release|Any CPU
		{918CB385-B9A5-47B5-A6F1-0FA4632C8800}.Release|Any CPU.Build.0 = Release|Any CPU
		{79E1DF19-6C64-4003-8B31-A4616313F48C}.Debug|Any CPU.ActiveCfg = Debug|Any CPU
		{79E1DF19-6C64-4003-8B31-A4616313F48C}.Debug|Any CPU.Build.0 = Debug|Any CPU
		{79E1DF19-6C64-4003-8B31-A4616313F48C}.Release|Any CPU.ActiveCfg = Release|Any CPU
		{79E1DF19-6C64-4003-8B31-A4616313F48C}.Release|Any CPU.Build.0 = Release|Any CPU
		{5E0F55A6-113A-4D75-A3F5-791EE7150702}.Debug|Any CPU.ActiveCfg = Debug|Any CPU
		{5E0F55A6-113A-4D75-A3F5-791EE7150702}.Debug|Any CPU.Build.0 = Debug|Any CPU
		{5E0F55A6-113A-4D75-A3F5-791EE7150702}.Release|Any CPU.ActiveCfg = Release|Any CPU
		{5E0F55A6-113A-4D75-A3F5-791EE7150702}.Release|Any CPU.Build.0 = Release|Any CPU
		{026827AD-F654-4F01-A13A-24757475DC6C}.Debug|Any CPU.ActiveCfg = Debug|Any CPU
		{026827AD-F654-4F01-A13A-24757475DC6C}.Debug|Any CPU.Build.0 = Debug|Any CPU
		{026827AD-F654-4F01-A13A-24757475DC6C}.Release|Any CPU.ActiveCfg = Release|Any CPU
		{026827AD-F654-4F01-A13A-24757475DC6C}.Release|Any CPU.Build.0 = Release|Any CPU
		{3D0A2340-A0DE-4BFB-8539-F68473AA1206}.Debug|Any CPU.ActiveCfg = Debug|Any CPU
		{3D0A2340-A0DE-4BFB-8539-F68473AA1206}.Debug|Any CPU.Build.0 = Debug|Any CPU
		{3D0A2340-A0DE-4BFB-8539-F68473AA1206}.Release|Any CPU.ActiveCfg = Release|Any CPU
		{3D0A2340-A0DE-4BFB-8539-F68473AA1206}.Release|Any CPU.Build.0 = Release|Any CPU
	EndGlobalSection
	GlobalSection(SolutionProperties) = preSolution
		HideSolutionNode = FALSE
	EndGlobalSection
	GlobalSection(NestedProjects) = preSolution
		{4E8060E6-3B7E-4D37-A13D-4BEE06764B74} = {B4691FEA-236C-4382-9E54-535FB560FD24}
		{27477B49-0ED9-4C83-A66E-F7720A70D2A6} = {B4691FEA-236C-4382-9E54-535FB560FD24}
		{C635B9A8-9FD6-4117-921B-353EA3C64454} = {B4691FEA-236C-4382-9E54-535FB560FD24}
		{918CB385-B9A5-47B5-A6F1-0FA4632C8800} = {4E8060E6-3B7E-4D37-A13D-4BEE06764B74}
		{79E1DF19-6C64-4003-8B31-A4616313F48C} = {C635B9A8-9FD6-4117-921B-353EA3C64454}
		{5E0F55A6-113A-4D75-A3F5-791EE7150702} = {27477B49-0ED9-4C83-A66E-F7720A70D2A6}
		{026827AD-F654-4F01-A13A-24757475DC6C} = {4E8060E6-3B7E-4D37-A13D-4BEE06764B74}
		{3D0A2340-A0DE-4BFB-8539-F68473AA1206} = {4E8060E6-3B7E-4D37-A13D-4BEE06764B74}
	EndGlobalSection
EndGlobal
