
Microsoft Visual Studio Solution File, Format Version 12.00
# Visual Studio Version 17
VisualStudioVersion = 17.12.35521.163
MinimumVisualStudioVersion = 10.0.40219.1
Project("{FAE04EC0-301F-11D3-BF4B-00C04F79EFBC}") = "RetailStore.ApiGateway", "RetailStore.ApiGateway\RetailStore.ApiGateway.csproj", "{39B059F5-6C07-4F5D-95C7-667CA6827E77}"
EndProject
Project("{FAE04EC0-301F-11D3-BF4B-00C04F79EFBC}") = "RetailStore.Infrastucture", "RetailStore.Infrastucture\RetailStore.Infrastucture.csproj", "{1EBC6F04-ED23-42F1-9F6F-E1FE40F386E0}"
EndProject
Project("{2150E333-8FDC-42A3-9474-1A3956D46DE8}") = "Identity", "Identity", "{96E4E1E6-A7F7-4073-AB96-36C83C5A196C}"
EndProject
Project("{FAE04EC0-301F-11D3-BF4B-00C04F79EFBC}") = "Identity.Api", "Identity\Identity.Api\Identity.Api.csproj", "{B7B29A16-00C2-46F5-B13E-9E18CC663204}"
EndProject
Project("{FAE04EC0-301F-11D3-BF4B-00C04F79EFBC}") = "Identity.DA", "Identity\Identity.DA\Identity.DA.csproj", "{7302095B-0391-4EC3-BD2D-4452077C017B}"
EndProject
Project("{FAE04EC0-301F-11D3-BF4B-00C04F79EFBC}") = "Identity.Domain", "Identity\Identity.Domain\Identity.Domain.csproj", "{A20D5763-A507-48A5-A541-9A113B83398B}"
EndProject
Project("{2150E333-8FDC-42A3-9474-1A3956D46DE8}") = "Products", "Products", "{D46050E3-2A5D-4311-AB92-5BF2DE0B95B1}"
EndProject
Project("{FAE04EC0-301F-11D3-BF4B-00C04F79EFBC}") = "Products.Api", "Products\Products.Api\Products.Api.csproj", "{449B24AE-68FE-4175-90C2-84368E69D6C3}"
EndProject
Project("{FAE04EC0-301F-11D3-BF4B-00C04F79EFBC}") = "Products.DA", "Products\Products.DA\Products.DA.csproj", "{4F43ABC1-342E-4103-9655-935EE329D492}"
EndProject
Project("{FAE04EC0-301F-11D3-BF4B-00C04F79EFBC}") = "Products.Domain", "Products\Products.Domain\Products.Domain.csproj", "{8A8C6563-5D01-4CD5-A54F-2BD1D8547E2A}"
EndProject
Global
	GlobalSection(SolutionConfigurationPlatforms) = preSolution
		Debug|Any CPU = Debug|Any CPU
		Release|Any CPU = Release|Any CPU
	EndGlobalSection
	GlobalSection(ProjectConfigurationPlatforms) = postSolution
		{39B059F5-6C07-4F5D-95C7-667CA6827E77}.Debug|Any CPU.ActiveCfg = Debug|Any CPU
		{39B059F5-6C07-4F5D-95C7-667CA6827E77}.Debug|Any CPU.Build.0 = Debug|Any CPU
		{39B059F5-6C07-4F5D-95C7-667CA6827E77}.Release|Any CPU.ActiveCfg = Release|Any CPU
		{39B059F5-6C07-4F5D-95C7-667CA6827E77}.Release|Any CPU.Build.0 = Release|Any CPU
		{1EBC6F04-ED23-42F1-9F6F-E1FE40F386E0}.Debug|Any CPU.ActiveCfg = Debug|Any CPU
		{1EBC6F04-ED23-42F1-9F6F-E1FE40F386E0}.Debug|Any CPU.Build.0 = Debug|Any CPU
		{1EBC6F04-ED23-42F1-9F6F-E1FE40F386E0}.Release|Any CPU.ActiveCfg = Release|Any CPU
		{1EBC6F04-ED23-42F1-9F6F-E1FE40F386E0}.Release|Any CPU.Build.0 = Release|Any CPU
		{B7B29A16-00C2-46F5-B13E-9E18CC663204}.Debug|Any CPU.ActiveCfg = Debug|Any CPU
		{B7B29A16-00C2-46F5-B13E-9E18CC663204}.Debug|Any CPU.Build.0 = Debug|Any CPU
		{B7B29A16-00C2-46F5-B13E-9E18CC663204}.Release|Any CPU.ActiveCfg = Release|Any CPU
		{B7B29A16-00C2-46F5-B13E-9E18CC663204}.Release|Any CPU.Build.0 = Release|Any CPU
		{7302095B-0391-4EC3-BD2D-4452077C017B}.Debug|Any CPU.ActiveCfg = Debug|Any CPU
		{7302095B-0391-4EC3-BD2D-4452077C017B}.Debug|Any CPU.Build.0 = Debug|Any CPU
		{7302095B-0391-4EC3-BD2D-4452077C017B}.Release|Any CPU.ActiveCfg = Release|Any CPU
		{7302095B-0391-4EC3-BD2D-4452077C017B}.Release|Any CPU.Build.0 = Release|Any CPU
		{A20D5763-A507-48A5-A541-9A113B83398B}.Debug|Any CPU.ActiveCfg = Debug|Any CPU
		{A20D5763-A507-48A5-A541-9A113B83398B}.Debug|Any CPU.Build.0 = Debug|Any CPU
		{A20D5763-A507-48A5-A541-9A113B83398B}.Release|Any CPU.ActiveCfg = Release|Any CPU
		{A20D5763-A507-48A5-A541-9A113B83398B}.Release|Any CPU.Build.0 = Release|Any CPU
		{449B24AE-68FE-4175-90C2-84368E69D6C3}.Debug|Any CPU.ActiveCfg = Debug|Any CPU
		{449B24AE-68FE-4175-90C2-84368E69D6C3}.Debug|Any CPU.Build.0 = Debug|Any CPU
		{449B24AE-68FE-4175-90C2-84368E69D6C3}.Release|Any CPU.ActiveCfg = Release|Any CPU
		{449B24AE-68FE-4175-90C2-84368E69D6C3}.Release|Any CPU.Build.0 = Release|Any CPU
		{4F43ABC1-342E-4103-9655-935EE329D492}.Debug|Any CPU.ActiveCfg = Debug|Any CPU
		{4F43ABC1-342E-4103-9655-935EE329D492}.Debug|Any CPU.Build.0 = Debug|Any CPU
		{4F43ABC1-342E-4103-9655-935EE329D492}.Release|Any CPU.ActiveCfg = Release|Any CPU
		{4F43ABC1-342E-4103-9655-935EE329D492}.Release|Any CPU.Build.0 = Release|Any CPU
		{8A8C6563-5D01-4CD5-A54F-2BD1D8547E2A}.Debug|Any CPU.ActiveCfg = Debug|Any CPU
		{8A8C6563-5D01-4CD5-A54F-2BD1D8547E2A}.Debug|Any CPU.Build.0 = Debug|Any CPU
		{8A8C6563-5D01-4CD5-A54F-2BD1D8547E2A}.Release|Any CPU.ActiveCfg = Release|Any CPU
		{8A8C6563-5D01-4CD5-A54F-2BD1D8547E2A}.Release|Any CPU.Build.0 = Release|Any CPU
	EndGlobalSection
	GlobalSection(SolutionProperties) = preSolution
		HideSolutionNode = FALSE
	EndGlobalSection
	GlobalSection(NestedProjects) = preSolution
		{B7B29A16-00C2-46F5-B13E-9E18CC663204} = {96E4E1E6-A7F7-4073-AB96-36C83C5A196C}
		{7302095B-0391-4EC3-BD2D-4452077C017B} = {96E4E1E6-A7F7-4073-AB96-36C83C5A196C}
		{A20D5763-A507-48A5-A541-9A113B83398B} = {96E4E1E6-A7F7-4073-AB96-36C83C5A196C}
		{449B24AE-68FE-4175-90C2-84368E69D6C3} = {D46050E3-2A5D-4311-AB92-5BF2DE0B95B1}
		{4F43ABC1-342E-4103-9655-935EE329D492} = {D46050E3-2A5D-4311-AB92-5BF2DE0B95B1}
		{8A8C6563-5D01-4CD5-A54F-2BD1D8547E2A} = {D46050E3-2A5D-4311-AB92-5BF2DE0B95B1}
	EndGlobalSection
EndGlobal
